
Microsoft Visual Studio Solution File, Format Version 12.00
# Visual Studio Version 16
VisualStudioVersion = 16.0.30717.126
MinimumVisualStudioVersion = 10.0.40219.1
Project("{FAE04EC0-301F-11D3-BF4B-00C04F79EFBC}") = "WeatherService", "WeatherService\WeatherService.csproj", "{B5002D78-7870-41CD-988D-71D2A5F27ABB}"
EndProject
Project("{FAE04EC0-301F-11D3-BF4B-00C04F79EFBC}") = "WeatherService.Application", "WeatherService.Application\WeatherService.Application.csproj", "{35AE9278-848C-4382-B55F-16D6C7265B80}"
EndProject
Project("{FAE04EC0-301F-11D3-BF4B-00C04F79EFBC}") = "WeatherService.Common", "WeatherService.Common\WeatherService.Common.csproj", "{4A922BFD-5406-4DBC-A0F1-BA0D45AD99B6}"
EndProject
Global
	GlobalSection(SolutionConfigurationPlatforms) = preSolution
		Debug|Any CPU = Debug|Any CPU
		Release|Any CPU = Release|Any CPU
	EndGlobalSection
	GlobalSection(ProjectConfigurationPlatforms) = postSolution
		{B5002D78-7870-41CD-988D-71D2A5F27ABB}.Debug|Any CPU.ActiveCfg = Debug|Any CPU
		{B5002D78-7870-41CD-988D-71D2A5F27ABB}.Debug|Any CPU.Build.0 = Debug|Any CPU
		{B5002D78-7870-41CD-988D-71D2A5F27ABB}.Release|Any CPU.ActiveCfg = Release|Any CPU
		{B5002D78-7870-41CD-988D-71D2A5F27ABB}.Release|Any CPU.Build.0 = Release|Any CPU
		{35AE9278-848C-4382-B55F-16D6C7265B80}.Debug|Any CPU.ActiveCfg = Debug|Any CPU
		{35AE9278-848C-4382-B55F-16D6C7265B80}.Debug|Any CPU.Build.0 = Debug|Any CPU
		{35AE9278-848C-4382-B55F-16D6C7265B80}.Release|Any CPU.ActiveCfg = Release|Any CPU
		{35AE9278-848C-4382-B55F-16D6C7265B80}.Release|Any CPU.Build.0 = Release|Any CPU
		{4A922BFD-5406-4DBC-A0F1-BA0D45AD99B6}.Debug|Any CPU.ActiveCfg = Debug|Any CPU
		{4A922BFD-5406-4DBC-A0F1-BA0D45AD99B6}.Debug|Any CPU.Build.0 = Debug|Any CPU
		{4A922BFD-5406-4DBC-A0F1-BA0D45AD99B6}.Release|Any CPU.ActiveCfg = Release|Any CPU
		{4A922BFD-5406-4DBC-A0F1-BA0D45AD99B6}.Release|Any CPU.Build.0 = Release|Any CPU
	EndGlobalSection
	GlobalSection(SolutionProperties) = preSolution
		HideSolutionNode = FALSE
	EndGlobalSection
	GlobalSection(ExtensibilityGlobals) = postSolution
		SolutionGuid = {0EC0A345-3EAB-4F13-AF2A-05DCFC1C2E50}
	EndGlobalSection
EndGlobal
